
Microsoft Visual Studio Solution File, Format Version 12.00
# Visual Studio Version 17
VisualStudioVersion = 17.0.31903.59
MinimumVisualStudioVersion = 10.0.40219.1
Project("{FAE04EC0-301F-11D3-BF4B-00C04F79EFBC}") = "SimplePubSub.Publisher", "SimplePubSub.Publisher\SimplePubSub.Publisher.csproj", "{8EF34099-5FBA-4A2F-87B0-CE1E1E4D2841}"
EndProject
Project("{FAE04EC0-301F-11D3-BF4B-00C04F79EFBC}") = "SimplePubSub.Subscriber", "SimplePubSub.Subscriber\SimplePubSub.Subscriber.csproj", "{A73A41EA-2DF5-4212-B4B4-2A7CDCA26BA8}"
EndProject
Global
	GlobalSection(SolutionConfigurationPlatforms) = preSolution
		Debug|Any CPU = Debug|Any CPU
		Release|Any CPU = Release|Any CPU
	EndGlobalSection
	GlobalSection(ProjectConfigurationPlatforms) = postSolution
		{8EF34099-5FBA-4A2F-87B0-CE1E1E4D2841}.Debug|Any CPU.ActiveCfg = Debug|Any CPU
		{8EF34099-5FBA-4A2F-87B0-CE1E1E4D2841}.Debug|Any CPU.Build.0 = Debug|Any CPU
		{8EF34099-5FBA-4A2F-87B0-CE1E1E4D2841}.Release|Any CPU.ActiveCfg = Release|Any CPU
		{8EF34099-5FBA-4A2F-87B0-CE1E1E4D2841}.Release|Any CPU.Build.0 = Release|Any CPU
		{A73A41EA-2DF5-4212-B4B4-2A7CDCA26BA8}.Debug|Any CPU.ActiveCfg = Debug|Any CPU
		{A73A41EA-2DF5-4212-B4B4-2A7CDCA26BA8}.Debug|Any CPU.Build.0 = Debug|Any CPU
		{A73A41EA-2DF5-4212-B4B4-2A7CDCA26BA8}.Release|Any CPU.ActiveCfg = Release|Any CPU
		{A73A41EA-2DF5-4212-B4B4-2A7CDCA26BA8}.Release|Any CPU.Build.0 = Release|Any CPU
	EndGlobalSection
	GlobalSection(SolutionProperties) = preSolution
		HideSolutionNode = FALSE
	EndGlobalSection
	GlobalSection(ExtensibilityGlobals) = postSolution
		SolutionGuid = {44AB2A70-4F6D-442A-B9D3-08DBAB710042}
	EndGlobalSection
EndGlobal
