
Microsoft Visual Studio Solution File, Format Version 12.00
# Visual Studio Version 17
VisualStudioVersion = 17.0.31903.59
MinimumVisualStudioVersion = 10.0.40219.1
Project("{9A19103F-16F7-4668-BE54-9A1E7A4F7556}") = "SimplePubSub.Publisher", "SimplePubSub.Publisher\SimplePubSub.Publisher.csproj", "{8EF34099-5FBA-4A2F-87B0-CE1E1E4D2841}"
EndProject
Project("{9A19103F-16F7-4668-BE54-9A1E7A4F7556}") = "SimplePubSub.Subscriber", "SimplePubSub.Subscriber\SimplePubSub.Subscriber.csproj", "{A73A41EA-2DF5-4212-B4B4-2A7CDCA26BA8}"
EndProject
Project("{9A19103F-16F7-4668-BE54-9A1E7A4F7556}") = "SimplePubSub.DaprSubscriber", "SimplePubSub.DaprSubscriber\SimplePubSub.DaprSubscriber.csproj", "{2A11F3BB-0EF2-4415-ACA7-B745ED464EBF}"
EndProject
Project("{2150E333-8FDC-42A3-9474-1A3956D46DE8}") = "Publishers", "Publishers", "{A632203B-65C2-40AF-BFDE-7B01BC16A6CA}"
EndProject
Project("{2150E333-8FDC-42A3-9474-1A3956D46DE8}") = "Subscribers", "Subscribers", "{64733A88-3C38-4288-A71D-ADCAC63ED9E8}"
EndProject
Global
	GlobalSection(SolutionConfigurationPlatforms) = preSolution
		Debug|Any CPU = Debug|Any CPU
		Release|Any CPU = Release|Any CPU
	EndGlobalSection
	GlobalSection(ProjectConfigurationPlatforms) = postSolution
		{8EF34099-5FBA-4A2F-87B0-CE1E1E4D2841}.Debug|Any CPU.ActiveCfg = Debug|Any CPU
		{8EF34099-5FBA-4A2F-87B0-CE1E1E4D2841}.Debug|Any CPU.Build.0 = Debug|Any CPU
		{8EF34099-5FBA-4A2F-87B0-CE1E1E4D2841}.Release|Any CPU.ActiveCfg = Release|Any CPU
		{8EF34099-5FBA-4A2F-87B0-CE1E1E4D2841}.Release|Any CPU.Build.0 = Release|Any CPU
		{A73A41EA-2DF5-4212-B4B4-2A7CDCA26BA8}.Debug|Any CPU.ActiveCfg = Debug|Any CPU
		{A73A41EA-2DF5-4212-B4B4-2A7CDCA26BA8}.Debug|Any CPU.Build.0 = Debug|Any CPU
		{A73A41EA-2DF5-4212-B4B4-2A7CDCA26BA8}.Release|Any CPU.ActiveCfg = Release|Any CPU
		{A73A41EA-2DF5-4212-B4B4-2A7CDCA26BA8}.Release|Any CPU.Build.0 = Release|Any CPU
		{2A11F3BB-0EF2-4415-ACA7-B745ED464EBF}.Debug|Any CPU.ActiveCfg = Debug|Any CPU
		{2A11F3BB-0EF2-4415-ACA7-B745ED464EBF}.Debug|Any CPU.Build.0 = Debug|Any CPU
		{2A11F3BB-0EF2-4415-ACA7-B745ED464EBF}.Release|Any CPU.ActiveCfg = Release|Any CPU
		{2A11F3BB-0EF2-4415-ACA7-B745ED464EBF}.Release|Any CPU.Build.0 = Release|Any CPU
	EndGlobalSection
	GlobalSection(SolutionProperties) = preSolution
		HideSolutionNode = FALSE
	EndGlobalSection
	GlobalSection(NestedProjects) = preSolution
		{8EF34099-5FBA-4A2F-87B0-CE1E1E4D2841} = {A632203B-65C2-40AF-BFDE-7B01BC16A6CA}
		{A73A41EA-2DF5-4212-B4B4-2A7CDCA26BA8} = {64733A88-3C38-4288-A71D-ADCAC63ED9E8}
		{2A11F3BB-0EF2-4415-ACA7-B745ED464EBF} = {64733A88-3C38-4288-A71D-ADCAC63ED9E8}
	EndGlobalSection
	GlobalSection(ExtensibilityGlobals) = postSolution
		SolutionGuid = {44AB2A70-4F6D-442A-B9D3-08DBAB710042}
	EndGlobalSection
EndGlobal
